// !$*UTF8*$!
{
	archiveVersion = 1;
	classes = {
	};
	objectVersion = 46;
	objects = {

/* Begin PBXBuildFile section */
		1808553518C3B9810047A8BE /* README.md in Resources */ = {isa = PBXBuildFile; fileRef = 1808553418C3B9810047A8BE /* README.md */; };
		180E87F918BE0B05009A570F /* AddressBook.framework in Frameworks */ = {isa = PBXBuildFile; fileRef = 180E87F718BE0B05009A570F /* AddressBook.framework */; };
		180E87FA18BE0B05009A570F /* AddressBookUI.framework in Frameworks */ = {isa = PBXBuildFile; fileRef = 180E87F818BE0B05009A570F /* AddressBookUI.framework */; };
		180E880318BE0B34009A570F /* AudioToolbox.framework in Frameworks */ = {isa = PBXBuildFile; fileRef = 180E87FB18BE0B34009A570F /* AudioToolbox.framework */; };
		180E880418BE0B34009A570F /* CFNetwork.framework in Frameworks */ = {isa = PBXBuildFile; fileRef = 180E87FC18BE0B34009A570F /* CFNetwork.framework */; };
		180E880518BE0B34009A570F /* CoreData.framework in Frameworks */ = {isa = PBXBuildFile; fileRef = 180E87FD18BE0B34009A570F /* CoreData.framework */; };
		180E880618BE0B34009A570F /* EventKit.framework in Frameworks */ = {isa = PBXBuildFile; fileRef = 180E87FE18BE0B34009A570F /* EventKit.framework */; };
		180E880718BE0B34009A570F /* EventKitUI.framework in Frameworks */ = {isa = PBXBuildFile; fileRef = 180E87FF18BE0B34009A570F /* EventKitUI.framework */; };
		180E880818BE0B34009A570F /* QuartzCore.framework in Frameworks */ = {isa = PBXBuildFile; fileRef = 180E880018BE0B34009A570F /* QuartzCore.framework */; };
		180E880918BE0B34009A570F /* Security.framework in Frameworks */ = {isa = PBXBuildFile; fileRef = 180E880118BE0B34009A570F /* Security.framework */; };
		180E880A18BE0B34009A570F /* SystemConfiguration.framework in Frameworks */ = {isa = PBXBuildFile; fileRef = 180E880218BE0B34009A570F /* SystemConfiguration.framework */; };
		180E880D18BE0C8A009A570F /* MobileCoreServices.framework in Frameworks */ = {isa = PBXBuildFile; fileRef = 180E880C18BE0C8A009A570F /* MobileCoreServices.framework */; };
		180E880F18BE0C97009A570F /* CoreLocation.framework in Frameworks */ = {isa = PBXBuildFile; fileRef = 180E880E18BE0C97009A570F /* CoreLocation.framework */; };
		180E881418BE1779009A570F /* FriensoCircleButton.m in Sources */ = {isa = PBXBuildFile; fileRef = 180E881118BE1779009A570F /* FriensoCircleButton.m */; };
		180E881518BE1779009A570F /* FriensoOptionsButton.m in Sources */ = {isa = PBXBuildFile; fileRef = 180E881318BE1779009A570F /* FriensoOptionsButton.m */; };
		180E882018BF1806009A570F /* first-view-cover.png in Resources */ = {isa = PBXBuildFile; fileRef = 180E881F18BF1806009A570F /* first-view-cover.png */; };
		180E882618BF2AB5009A570F /* first-view-cover-2.png in Resources */ = {isa = PBXBuildFile; fileRef = 180E882418BF2AB4009A570F /* first-view-cover-2.png */; };
		180E882718BF2AB5009A570F /* first-view-cover-3.png in Resources */ = {isa = PBXBuildFile; fileRef = 180E882518BF2AB5009A570F /* first-view-cover-3.png */; };
		1827930518BE06740056C849 /* Foundation.framework in Frameworks */ = {isa = PBXBuildFile; fileRef = 1827930418BE06740056C849 /* Foundation.framework */; };
		1827930718BE06740056C849 /* CoreGraphics.framework in Frameworks */ = {isa = PBXBuildFile; fileRef = 1827930618BE06740056C849 /* CoreGraphics.framework */; };
		1827930918BE06750056C849 /* UIKit.framework in Frameworks */ = {isa = PBXBuildFile; fileRef = 1827930818BE06750056C849 /* UIKit.framework */; };
		1827930F18BE06750056C849 /* InfoPlist.strings in Resources */ = {isa = PBXBuildFile; fileRef = 1827930D18BE06750056C849 /* InfoPlist.strings */; };
		1827931118BE06750056C849 /* main.m in Sources */ = {isa = PBXBuildFile; fileRef = 1827931018BE06750056C849 /* main.m */; };
		1827931518BE06750056C849 /* FriensoAppDelegate.m in Sources */ = {isa = PBXBuildFile; fileRef = 1827931418BE06750056C849 /* FriensoAppDelegate.m */; };
		1827931818BE06750056C849 /* Main.storyboard in Resources */ = {isa = PBXBuildFile; fileRef = 1827931618BE06750056C849 /* Main.storyboard */; };
		1827931B18BE06750056C849 /* FriensoViewController.m in Sources */ = {isa = PBXBuildFile; fileRef = 1827931A18BE06750056C849 /* FriensoViewController.m */; };
		1827931D18BE06750056C849 /* Images.xcassets in Resources */ = {isa = PBXBuildFile; fileRef = 1827931C18BE06750056C849 /* Images.xcassets */; };
		1827932418BE06750056C849 /* XCTest.framework in Frameworks */ = {isa = PBXBuildFile; fileRef = 1827932318BE06750056C849 /* XCTest.framework */; };
		1827932518BE06750056C849 /* Foundation.framework in Frameworks */ = {isa = PBXBuildFile; fileRef = 1827930418BE06740056C849 /* Foundation.framework */; };
		1827932618BE06750056C849 /* UIKit.framework in Frameworks */ = {isa = PBXBuildFile; fileRef = 1827930818BE06750056C849 /* UIKit.framework */; };
		1827932E18BE06750056C849 /* InfoPlist.strings in Resources */ = {isa = PBXBuildFile; fileRef = 1827932C18BE06750056C849 /* InfoPlist.strings */; };
		1827933018BE06750056C849 /* FriensoAlphaTests.m in Sources */ = {isa = PBXBuildFile; fileRef = 1827932F18BE06750056C849 /* FriensoAlphaTests.m */; };
		1827933C18BE07BD0056C849 /* alert-ring-bg.png in Resources */ = {isa = PBXBuildFile; fileRef = 1827933A18BE07BD0056C849 /* alert-ring-bg.png */; };
		1827933D18BE07BD0056C849 /* frienso-alert.png in Resources */ = {isa = PBXBuildFile; fileRef = 1827933B18BE07BD0056C849 /* frienso-alert.png */; };
		1827934018BE08090056C849 /* PanicViewCtrlr.m in Sources */ = {isa = PBXBuildFile; fileRef = 1827933F18BE08090056C849 /* PanicViewCtrlr.m */; };
		182E86F018C120CF009AD302 /* ABALoginTVC.m in Sources */ = {isa = PBXBuildFile; fileRef = 182E86ED18C120CF009AD302 /* ABALoginTVC.m */; };
		1853403918C220680094AC5A /* FriensoAlphaCoreDataModel.xcdatamodeld in Sources */ = {isa = PBXBuildFile; fileRef = 1853403718C220680094AC5A /* FriensoAlphaCoreDataModel.xcdatamodeld */; };
		1853403F18C2236E0094AC5A /* FriensoOptionsTVC.m in Sources */ = {isa = PBXBuildFile; fileRef = 1853403E18C2236E0094AC5A /* FriensoOptionsTVC.m */; };
		1879B59018C6CD9400AEA55F /* SettingsViewController.m in Sources */ = {isa = PBXBuildFile; fileRef = 1879B58F18C6CD9400AEA55F /* SettingsViewController.m */; };
		1879B59318C7277100AEA55F /* Profile-256.png in Resources */ = {isa = PBXBuildFile; fileRef = 1879B59118C7277100AEA55F /* Profile-256.png */; };
		1879B59418C7277100AEA55F /* profile.png in Resources */ = {isa = PBXBuildFile; fileRef = 1879B59218C7277100AEA55F /* profile.png */; };
		1879B59B18C786DB00AEA55F /* FriensoResourcesTVC.m in Sources */ = {isa = PBXBuildFile; fileRef = 1879B59A18C786DB00AEA55F /* FriensoResourcesTVC.m */; };
		1879B59F18C888BB00AEA55F /* tstWatchingViewController.m in Sources */ = {isa = PBXBuildFile; fileRef = 1879B59E18C888BB00AEA55F /* tstWatchingViewController.m */; };
		187B616C195421D500DEF677 /* TrackingFriendButton.m in Sources */ = {isa = PBXBuildFile; fileRef = 187B616B195421D500DEF677 /* TrackingFriendButton.m */; };
		18CD00E518CBB98D007BAC85 /* profile-landscape.png in Resources */ = {isa = PBXBuildFile; fileRef = 18CD00E418CBB98D007BAC85 /* profile-landscape.png */; };
		18CD00E818CCA020007BAC85 /* UserProfileViewController.m in Sources */ = {isa = PBXBuildFile; fileRef = 18CD00E718CCA020007BAC85 /* UserProfileViewController.m */; };
		18CD00EA18CDBCA7007BAC85 /* profile-landscape-1.png in Resources */ = {isa = PBXBuildFile; fileRef = 18CD00E918CDBCA7007BAC85 /* profile-landscape-1.png */; };
		18CD00F018CDE557007BAC85 /* NewCoreCircleTVC.m in Sources */ = {isa = PBXBuildFile; fileRef = 18CD00EF18CDE557007BAC85 /* NewCoreCircleTVC.m */; };
		18DF849818C2718D003F431F /* settings-24.png in Resources */ = {isa = PBXBuildFile; fileRef = 18DF849718C2718D003F431F /* settings-24.png */; };
		18DF849B18C275C7003F431F /* about-24.png in Resources */ = {isa = PBXBuildFile; fileRef = 18DF849918C275C7003F431F /* about-24.png */; };
		18DF849C18C275C7003F431F /* lighthouse-24.png in Resources */ = {isa = PBXBuildFile; fileRef = 18DF849A18C275C7003F431F /* lighthouse-24.png */; };
		18DF849E18C279A5003F431F /* profile-24.png in Resources */ = {isa = PBXBuildFile; fileRef = 18DF849D18C279A5003F431F /* profile-24.png */; };
		18DF84A118C27D58003F431F /* umbrella-24.png in Resources */ = {isa = PBXBuildFile; fileRef = 18DF849F18C27D58003F431F /* umbrella-24.png */; };
		18DF84A218C27D58003F431F /* watching-24.png in Resources */ = {isa = PBXBuildFile; fileRef = 18DF84A018C27D58003F431F /* watching-24.png */; };
		3E0EDD661976F7830024124B /* frienso-0.png in Resources */ = {isa = PBXBuildFile; fileRef = 3E0EDD651976F7830024124B /* frienso-0.png */; };
		3E185480192544B80059817D /* cell-phone-ic32.png in Resources */ = {isa = PBXBuildFile; fileRef = 3E18547F192544B70059817D /* cell-phone-ic32.png */; };
		3E1FBD281958424A00AC7197 /* Parse.framework in Frameworks */ = {isa = PBXBuildFile; fileRef = 3E1FBD271958424A00AC7197 /* Parse.framework */; };
		3E21A0541920EE050083F1AC /* FRStringImage.m in Sources */ = {isa = PBXBuildFile; fileRef = 3E21A0531920EE050083F1AC /* FRStringImage.m */; };
		3E277FCE19343A4A00283A33 /* GeoCDPointAnnotation.m in Sources */ = {isa = PBXBuildFile; fileRef = 3E277FCD19343A4A00283A33 /* GeoCDPointAnnotation.m */; };
		3E2F8C3718D4C74600FD2A99 /* FriensoQuickCircleVC.m in Sources */ = {isa = PBXBuildFile; fileRef = 3E2F8C3618D4C74600FD2A99 /* FriensoQuickCircleVC.m */; };
		3E2F8C3F18D83D8300FD2A99 /* AboutFriensoViewController.m in Sources */ = {isa = PBXBuildFile; fileRef = 3E2F8C3E18D83D8300FD2A99 /* AboutFriensoViewController.m */; };
		3E3BCA5F191E3402008D8ED0 /* ugc-ic-29x2.png in Resources */ = {isa = PBXBuildFile; fileRef = 3E3BCA5E191E3402008D8ED0 /* ugc-ic-29x2.png */; };
		3E3FC2E819618A2F008EDC00 /* frienso-2.png in Resources */ = {isa = PBXBuildFile; fileRef = 3E3FC2E419618A2F008EDC00 /* frienso-2.png */; };
		3E3FC2E919618A2F008EDC00 /* frienso-3.png in Resources */ = {isa = PBXBuildFile; fileRef = 3E3FC2E519618A2F008EDC00 /* frienso-3.png */; };
		3E3FC2EA19618A2F008EDC00 /* frienso-1.png in Resources */ = {isa = PBXBuildFile; fileRef = 3E3FC2E619618A2F008EDC00 /* frienso-1.png */; };
		3E3FC2ED19618A93008EDC00 /* WelcomeViewCtrl.m in Sources */ = {isa = PBXBuildFile; fileRef = 3E3FC2EC19618A93008EDC00 /* WelcomeViewCtrl.m */; };
		3E4120F818E3005E0058012B /* aBoAViewController.m in Sources */ = {isa = PBXBuildFile; fileRef = 3E4120F718E3005E0058012B /* aBoAViewController.m */; };
		3E4120FC18E306630058012B /* frienso-info-0.png in Resources */ = {isa = PBXBuildFile; fileRef = 3E4120F918E306630058012B /* frienso-info-0.png */; };
		3E4120FD18E306630058012B /* frienso-info-1.png in Resources */ = {isa = PBXBuildFile; fileRef = 3E4120FA18E306630058012B /* frienso-info-1.png */; };
		3E4120FE18E306630058012B /* frienso-info-2.png in Resources */ = {isa = PBXBuildFile; fileRef = 3E4120FB18E306630058012B /* frienso-info-2.png */; };
		3E4579E3197962E8008499B7 /* help-switch-bg.png in Resources */ = {isa = PBXBuildFile; fileRef = 3E4579E2197962E8008499B7 /* help-switch-bg.png */; };
		3E56D3D5194F96D90092CF63 /* CloudEntityContacts.m in Sources */ = {isa = PBXBuildFile; fileRef = 3E56D3D4194F96D90092CF63 /* CloudEntityContacts.m */; };
		3E5EA0B5190D0A4A004A710C /* cal-ic-40.png in Resources */ = {isa = PBXBuildFile; fileRef = 3E5EA0B4190D0A4A004A710C /* cal-ic-40.png */; };
		3E5EA0B7190D0CDA004A710C /* cal-ic-24.png in Resources */ = {isa = PBXBuildFile; fileRef = 3E5EA0B6190D0CDA004A710C /* cal-ic-24.png */; };
		3E68DF5C190666FF00DF3992 /* map-btn-1.png in Resources */ = {isa = PBXBuildFile; fileRef = 3E68DF5B190666FF00DF3992 /* map-btn-1.png */; };
		3E68DF621907C64400DF3992 /* FriensoResources.m in Sources */ = {isa = PBXBuildFile; fileRef = 3E68DF611907C64400DF3992 /* FriensoResources.m */; };
		3E9B0F47193E05900019ED6A /* UserResponseScrollView.m in Sources */ = {isa = PBXBuildFile; fileRef = 3E9B0F46193E05900019ED6A /* UserResponseScrollView.m */; };
		3E9F892318FE8D5E00DA190C /* map-btn-0.png in Resources */ = {isa = PBXBuildFile; fileRef = 3E9F892118FE8D5E00DA190C /* map-btn-0.png */; };
		3E9F892F18FE99E700DA190C /* SearchViewController.m in Sources */ = {isa = PBXBuildFile; fileRef = 3E9F892818FE99E700DA190C /* SearchViewController.m */; };
		3E9F893018FE99E700DA190C /* GeoPointAnnotation.m in Sources */ = {isa = PBXBuildFile; fileRef = 3E9F892A18FE99E700DA190C /* GeoPointAnnotation.m */; };
		3E9F893118FE99E700DA190C /* GeoQueryAnnotation.m in Sources */ = {isa = PBXBuildFile; fileRef = 3E9F892C18FE99E700DA190C /* GeoQueryAnnotation.m */; };
		3E9F893218FE99E700DA190C /* CircleOverlay.m in Sources */ = {isa = PBXBuildFile; fileRef = 3E9F892E18FE99E700DA190C /* CircleOverlay.m */; };
		3E9F893518FEB62A00DA190C /* MapKit.framework in Frameworks */ = {isa = PBXBuildFile; fileRef = 3E9F893418FEB62A00DA190C /* MapKit.framework */; };
		3E9F893F1903E17700DA190C /* frienso-ic-2x29.png in Resources */ = {isa = PBXBuildFile; fileRef = 3E9F893C1903E17700DA190C /* frienso-ic-2x29.png */; };
		3E9F89401903E17700DA190C /* frienso-ic-2x40.png in Resources */ = {isa = PBXBuildFile; fileRef = 3E9F893D1903E17700DA190C /* frienso-ic-2x40.png */; };
		3E9F89411903E17700DA190C /* frienso-ic-2x60.png in Resources */ = {isa = PBXBuildFile; fileRef = 3E9F893E1903E17700DA190C /* frienso-ic-2x60.png */; };
		3EA4E58B1991538400D5F12B /* AssetsLibrary.framework in Frameworks */ = {isa = PBXBuildFile; fileRef = 3EA4E58A1991538300D5F12B /* AssetsLibrary.framework */; };
		3EAB9BC0199F665F009DE1D1 /* HomeViewController.m in Sources */ = {isa = PBXBuildFile; fileRef = 3EAB9BBF199F665F009DE1D1 /* HomeViewController.m */; };
		3EB5C447191A5EE5006557DE /* FRUserGenContentButton.m in Sources */ = {isa = PBXBuildFile; fileRef = 3EB5C446191A5EE5006557DE /* FRUserGenContentButton.m */; };
		3EBE31E3197EA4D200E78CF6 /* addeditfriends.png in Resources */ = {isa = PBXBuildFile; fileRef = 3EBE31E2197EA4D100E78CF6 /* addeditfriends.png */; };
		3ECD3998192416F000A61B83 /* FRSyncFriendConnections.m in Sources */ = {isa = PBXBuildFile; fileRef = 3ECD3997192416F000A61B83 /* FRSyncFriendConnections.m */; };
		3ED075F81959AB6C0074E8CB /* PendingRequestButton.m in Sources */ = {isa = PBXBuildFile; fileRef = 3ED075F71959AB6C0074E8CB /* PendingRequestButton.m */; };
		3ED77E6F193C86DD00E0BB87 /* CloudUsrEvnts.m in Sources */ = {isa = PBXBuildFile; fileRef = 3ED77E6E193C86DD00E0BB87 /* CloudUsrEvnts.m */; };
		3ED77E71193CC9AD00E0BB87 /* 01splashscreen.png in Resources */ = {isa = PBXBuildFile; fileRef = 3ED77E70193CC9AD00E0BB87 /* 01splashscreen.png */; };
		3EE2B2AD1986E39F007BB216 /* avatar.png in Resources */ = {isa = PBXBuildFile; fileRef = 3EE2B2AC1986E39F007BB216 /* avatar.png */; };
		3EE2B2B319872835007BB216 /* RootViewController.m in Sources */ = {isa = PBXBuildFile; fileRef = 3EE2B2B219872835007BB216 /* RootViewController.m */; };
		3EE2B30B19879DB3007BB216 /* ProfileSneakPeekView.m in Sources */ = {isa = PBXBuildFile; fileRef = 3EE2B30A19879DB3007BB216 /* ProfileSneakPeekView.m */; };
		3EE2B30D19879E82007BB216 /* setting-ic-2x29.png in Resources */ = {isa = PBXBuildFile; fileRef = 3EE2B30C19879E82007BB216 /* setting-ic-2x29.png */; };
		3EEA2280191F7DFC00DC8C54 /* MessageUI.framework in Frameworks */ = {isa = PBXBuildFile; fileRef = 3EEA227F191F7DFC00DC8C54 /* MessageUI.framework */; };
		3EEEE40C19AEC0F700B0A546 /* OptionsContactsTVC.m in Sources */ = {isa = PBXBuildFile; fileRef = 3EEEE40B19AEC0F700B0A546 /* OptionsContactsTVC.m */; };
		3EF1D0D91907FA1200FC8544 /* FRCoreDataParse.m in Sources */ = {isa = PBXBuildFile; fileRef = 3EF1D0D81907FA1200FC8544 /* FRCoreDataParse.m */; };
		3EFEC30A19152633002A709D /* FriensoEvent.m in Sources */ = {isa = PBXBuildFile; fileRef = 3EFEC30919152633002A709D /* FriensoEvent.m */; };
		3EFEC30C1917877E002A709D /* und_logo29.png in Resources */ = {isa = PBXBuildFile; fileRef = 3EFEC30B1917877E002A709D /* und_logo29.png */; };
		3EFEC30F19180276002A709D /* CoreFriends.m in Sources */ = {isa = PBXBuildFile; fileRef = 3EFEC30E19180276002A709D /* CoreFriends.m */; };
		88276BB019FD21B40071024A /* plus-32.png in Resources */ = {isa = PBXBuildFile; fileRef = 88276BAF19FD21B40071024A /* plus-32.png */; };
		88276BB219FD221E0071024A /* police_badge-32.png in Resources */ = {isa = PBXBuildFile; fileRef = 88276BB119FD221E0071024A /* police_badge-32.png */; };
		88276BB419FD24250071024A /* talk-32.png in Resources */ = {isa = PBXBuildFile; fileRef = 88276BB319FD24250071024A /* talk-32.png */; };
		882E46E119BC770B00F8B0DE /* chaticon44px.png in Resources */ = {isa = PBXBuildFile; fileRef = 882E46E019BC770B00F8B0DE /* chaticon44px.png */; };
		D2B4C533194F90D000094B98 /* Crashlytics.framework in Frameworks */ = {isa = PBXBuildFile; fileRef = D2B4C532194F90D000094B98 /* Crashlytics.framework */; };
/* End PBXBuildFile section */

/* Begin PBXContainerItemProxy section */
		1827932718BE06750056C849 /* PBXContainerItemProxy */ = {
			isa = PBXContainerItemProxy;
			containerPortal = 182792F918BE06740056C849 /* Project object */;
			proxyType = 1;
			remoteGlobalIDString = 1827930018BE06740056C849;
			remoteInfo = FriensoAlpha;
		};
/* End PBXContainerItemProxy section */

/* Begin PBXFileReference section */
		1808553418C3B9810047A8BE /* README.md */ = {isa = PBXFileReference; fileEncoding = 4; lastKnownFileType = text; path = README.md; sourceTree = "<group>"; };
		180E87F718BE0B05009A570F /* AddressBook.framework */ = {isa = PBXFileReference; lastKnownFileType = wrapper.framework; name = AddressBook.framework; path = System/Library/Frameworks/AddressBook.framework; sourceTree = SDKROOT; };
		180E87F818BE0B05009A570F /* AddressBookUI.framework */ = {isa = PBXFileReference; lastKnownFileType = wrapper.framework; name = AddressBookUI.framework; path = System/Library/Frameworks/AddressBookUI.framework; sourceTree = SDKROOT; };
		180E87FB18BE0B34009A570F /* AudioToolbox.framework */ = {isa = PBXFileReference; lastKnownFileType = wrapper.framework; name = AudioToolbox.framework; path = System/Library/Frameworks/AudioToolbox.framework; sourceTree = SDKROOT; };
		180E87FC18BE0B34009A570F /* CFNetwork.framework */ = {isa = PBXFileReference; lastKnownFileType = wrapper.framework; name = CFNetwork.framework; path = System/Library/Frameworks/CFNetwork.framework; sourceTree = SDKROOT; };
		180E87FD18BE0B34009A570F /* CoreData.framework */ = {isa = PBXFileReference; lastKnownFileType = wrapper.framework; name = CoreData.framework; path = System/Library/Frameworks/CoreData.framework; sourceTree = SDKROOT; };
		180E87FE18BE0B34009A570F /* EventKit.framework */ = {isa = PBXFileReference; lastKnownFileType = wrapper.framework; name = EventKit.framework; path = System/Library/Frameworks/EventKit.framework; sourceTree = SDKROOT; };
		180E87FF18BE0B34009A570F /* EventKitUI.framework */ = {isa = PBXFileReference; lastKnownFileType = wrapper.framework; name = EventKitUI.framework; path = System/Library/Frameworks/EventKitUI.framework; sourceTree = SDKROOT; };
		180E880018BE0B34009A570F /* QuartzCore.framework */ = {isa = PBXFileReference; lastKnownFileType = wrapper.framework; name = QuartzCore.framework; path = System/Library/Frameworks/QuartzCore.framework; sourceTree = SDKROOT; };
		180E880118BE0B34009A570F /* Security.framework */ = {isa = PBXFileReference; lastKnownFileType = wrapper.framework; name = Security.framework; path = System/Library/Frameworks/Security.framework; sourceTree = SDKROOT; };
		180E880218BE0B34009A570F /* SystemConfiguration.framework */ = {isa = PBXFileReference; lastKnownFileType = wrapper.framework; name = SystemConfiguration.framework; path = System/Library/Frameworks/SystemConfiguration.framework; sourceTree = SDKROOT; };
		180E880C18BE0C8A009A570F /* MobileCoreServices.framework */ = {isa = PBXFileReference; lastKnownFileType = wrapper.framework; name = MobileCoreServices.framework; path = System/Library/Frameworks/MobileCoreServices.framework; sourceTree = SDKROOT; };
		180E880E18BE0C97009A570F /* CoreLocation.framework */ = {isa = PBXFileReference; lastKnownFileType = wrapper.framework; name = CoreLocation.framework; path = System/Library/Frameworks/CoreLocation.framework; sourceTree = SDKROOT; };
		180E881018BE1779009A570F /* FriensoCircleButton.h */ = {isa = PBXFileReference; fileEncoding = 4; lastKnownFileType = sourcecode.c.h; path = FriensoCircleButton.h; sourceTree = "<group>"; };
		180E881118BE1779009A570F /* FriensoCircleButton.m */ = {isa = PBXFileReference; fileEncoding = 4; lastKnownFileType = sourcecode.c.objc; path = FriensoCircleButton.m; sourceTree = "<group>"; };
		180E881218BE1779009A570F /* FriensoOptionsButton.h */ = {isa = PBXFileReference; fileEncoding = 4; lastKnownFileType = sourcecode.c.h; path = FriensoOptionsButton.h; sourceTree = "<group>"; };
		180E881318BE1779009A570F /* FriensoOptionsButton.m */ = {isa = PBXFileReference; fileEncoding = 4; lastKnownFileType = sourcecode.c.objc; path = FriensoOptionsButton.m; sourceTree = "<group>"; };
		180E881F18BF1806009A570F /* first-view-cover.png */ = {isa = PBXFileReference; lastKnownFileType = image.png; path = "first-view-cover.png"; sourceTree = "<group>"; };
		180E882418BF2AB4009A570F /* first-view-cover-2.png */ = {isa = PBXFileReference; lastKnownFileType = image.png; path = "first-view-cover-2.png"; sourceTree = "<group>"; };
		180E882518BF2AB5009A570F /* first-view-cover-3.png */ = {isa = PBXFileReference; lastKnownFileType = image.png; path = "first-view-cover-3.png"; sourceTree = "<group>"; };
		1827930118BE06740056C849 /* FriensoAlpha.app */ = {isa = PBXFileReference; explicitFileType = wrapper.application; includeInIndex = 0; path = FriensoAlpha.app; sourceTree = BUILT_PRODUCTS_DIR; };
		1827930418BE06740056C849 /* Foundation.framework */ = {isa = PBXFileReference; lastKnownFileType = wrapper.framework; name = Foundation.framework; path = System/Library/Frameworks/Foundation.framework; sourceTree = SDKROOT; };
		1827930618BE06740056C849 /* CoreGraphics.framework */ = {isa = PBXFileReference; lastKnownFileType = wrapper.framework; name = CoreGraphics.framework; path = System/Library/Frameworks/CoreGraphics.framework; sourceTree = SDKROOT; };
		1827930818BE06750056C849 /* UIKit.framework */ = {isa = PBXFileReference; lastKnownFileType = wrapper.framework; name = UIKit.framework; path = System/Library/Frameworks/UIKit.framework; sourceTree = SDKROOT; };
		1827930C18BE06750056C849 /* FriensoAlpha-Info.plist */ = {isa = PBXFileReference; lastKnownFileType = text.plist.xml; path = "FriensoAlpha-Info.plist"; sourceTree = "<group>"; };
		1827930E18BE06750056C849 /* en */ = {isa = PBXFileReference; lastKnownFileType = text.plist.strings; name = en; path = en.lproj/InfoPlist.strings; sourceTree = "<group>"; };
		1827931018BE06750056C849 /* main.m */ = {isa = PBXFileReference; lastKnownFileType = sourcecode.c.objc; path = main.m; sourceTree = "<group>"; };
		1827931218BE06750056C849 /* FriensoAlpha-Prefix.pch */ = {isa = PBXFileReference; lastKnownFileType = sourcecode.c.h; path = "FriensoAlpha-Prefix.pch"; sourceTree = "<group>"; };
		1827931318BE06750056C849 /* FriensoAppDelegate.h */ = {isa = PBXFileReference; lastKnownFileType = sourcecode.c.h; path = FriensoAppDelegate.h; sourceTree = "<group>"; };
		1827931418BE06750056C849 /* FriensoAppDelegate.m */ = {isa = PBXFileReference; lastKnownFileType = sourcecode.c.objc; path = FriensoAppDelegate.m; sourceTree = "<group>"; };
		1827931718BE06750056C849 /* Base */ = {isa = PBXFileReference; lastKnownFileType = file.storyboard; name = Base; path = Base.lproj/Main.storyboard; sourceTree = "<group>"; };
		1827931918BE06750056C849 /* FriensoViewController.h */ = {isa = PBXFileReference; lastKnownFileType = sourcecode.c.h; path = FriensoViewController.h; sourceTree = "<group>"; };
		1827931A18BE06750056C849 /* FriensoViewController.m */ = {isa = PBXFileReference; indentWidth = 5; lastKnownFileType = sourcecode.c.objc; path = FriensoViewController.m; sourceTree = "<group>"; };
		1827931C18BE06750056C849 /* Images.xcassets */ = {isa = PBXFileReference; lastKnownFileType = folder.assetcatalog; path = Images.xcassets; sourceTree = "<group>"; };
		1827932218BE06750056C849 /* FriensoAlphaTests.xctest */ = {isa = PBXFileReference; explicitFileType = wrapper.cfbundle; includeInIndex = 0; path = FriensoAlphaTests.xctest; sourceTree = BUILT_PRODUCTS_DIR; };
		1827932318BE06750056C849 /* XCTest.framework */ = {isa = PBXFileReference; lastKnownFileType = wrapper.framework; name = XCTest.framework; path = Library/Frameworks/XCTest.framework; sourceTree = DEVELOPER_DIR; };
		1827932B18BE06750056C849 /* FriensoAlphaTests-Info.plist */ = {isa = PBXFileReference; lastKnownFileType = text.plist.xml; path = "FriensoAlphaTests-Info.plist"; sourceTree = "<group>"; };
		1827932D18BE06750056C849 /* en */ = {isa = PBXFileReference; lastKnownFileType = text.plist.strings; name = en; path = en.lproj/InfoPlist.strings; sourceTree = "<group>"; };
		1827932F18BE06750056C849 /* FriensoAlphaTests.m */ = {isa = PBXFileReference; lastKnownFileType = sourcecode.c.objc; path = FriensoAlphaTests.m; sourceTree = "<group>"; };
		1827933A18BE07BD0056C849 /* alert-ring-bg.png */ = {isa = PBXFileReference; lastKnownFileType = image.png; path = "alert-ring-bg.png"; sourceTree = "<group>"; };
		1827933B18BE07BD0056C849 /* frienso-alert.png */ = {isa = PBXFileReference; lastKnownFileType = image.png; path = "frienso-alert.png"; sourceTree = "<group>"; };
		1827933E18BE08090056C849 /* PanicViewCtrlr.h */ = {isa = PBXFileReference; fileEncoding = 4; lastKnownFileType = sourcecode.c.h; path = PanicViewCtrlr.h; sourceTree = "<group>"; };
		1827933F18BE08090056C849 /* PanicViewCtrlr.m */ = {isa = PBXFileReference; fileEncoding = 4; lastKnownFileType = sourcecode.c.objc; path = PanicViewCtrlr.m; sourceTree = "<group>"; };
		182E86EC18C120CF009AD302 /* ABALoginTVC.h */ = {isa = PBXFileReference; fileEncoding = 4; lastKnownFileType = sourcecode.c.h; path = ABALoginTVC.h; sourceTree = "<group>"; };
		182E86ED18C120CF009AD302 /* ABALoginTVC.m */ = {isa = PBXFileReference; fileEncoding = 4; lastKnownFileType = sourcecode.c.objc; path = ABALoginTVC.m; sourceTree = "<group>"; };
		1853403818C220680094AC5A /* FriensoAlphaCoreDataModel.xcdatamodel */ = {isa = PBXFileReference; lastKnownFileType = wrapper.xcdatamodel; path = FriensoAlphaCoreDataModel.xcdatamodel; sourceTree = "<group>"; };
		1853403D18C2236E0094AC5A /* FriensoOptionsTVC.h */ = {isa = PBXFileReference; fileEncoding = 4; lastKnownFileType = sourcecode.c.h; path = FriensoOptionsTVC.h; sourceTree = "<group>"; };
		1853403E18C2236E0094AC5A /* FriensoOptionsTVC.m */ = {isa = PBXFileReference; fileEncoding = 4; lastKnownFileType = sourcecode.c.objc; path = FriensoOptionsTVC.m; sourceTree = "<group>"; };
		1879B58E18C6CD9400AEA55F /* SettingsViewController.h */ = {isa = PBXFileReference; fileEncoding = 4; lastKnownFileType = sourcecode.c.h; path = SettingsViewController.h; sourceTree = "<group>"; };
		1879B58F18C6CD9400AEA55F /* SettingsViewController.m */ = {isa = PBXFileReference; fileEncoding = 4; lastKnownFileType = sourcecode.c.objc; path = SettingsViewController.m; sourceTree = "<group>"; };
		1879B59118C7277100AEA55F /* Profile-256.png */ = {isa = PBXFileReference; lastKnownFileType = image.png; path = "Profile-256.png"; sourceTree = "<group>"; };
		1879B59218C7277100AEA55F /* profile.png */ = {isa = PBXFileReference; lastKnownFileType = image.png; path = profile.png; sourceTree = "<group>"; };
		1879B59918C786DB00AEA55F /* FriensoResourcesTVC.h */ = {isa = PBXFileReference; fileEncoding = 4; lastKnownFileType = sourcecode.c.h; path = FriensoResourcesTVC.h; sourceTree = "<group>"; };
		1879B59A18C786DB00AEA55F /* FriensoResourcesTVC.m */ = {isa = PBXFileReference; fileEncoding = 4; lastKnownFileType = sourcecode.c.objc; path = FriensoResourcesTVC.m; sourceTree = "<group>"; };
		1879B59D18C888BB00AEA55F /* tstWatchingViewController.h */ = {isa = PBXFileReference; fileEncoding = 4; lastKnownFileType = sourcecode.c.h; path = tstWatchingViewController.h; sourceTree = "<group>"; };
		1879B59E18C888BB00AEA55F /* tstWatchingViewController.m */ = {isa = PBXFileReference; fileEncoding = 4; lastKnownFileType = sourcecode.c.objc; path = tstWatchingViewController.m; sourceTree = "<group>"; };
		187B616A195421D500DEF677 /* TrackingFriendButton.h */ = {isa = PBXFileReference; fileEncoding = 4; lastKnownFileType = sourcecode.c.h; path = TrackingFriendButton.h; sourceTree = "<group>"; };
		187B616B195421D500DEF677 /* TrackingFriendButton.m */ = {isa = PBXFileReference; fileEncoding = 4; lastKnownFileType = sourcecode.c.objc; path = TrackingFriendButton.m; sourceTree = "<group>"; };
		18CD00E418CBB98D007BAC85 /* profile-landscape.png */ = {isa = PBXFileReference; lastKnownFileType = image.png; path = "profile-landscape.png"; sourceTree = "<group>"; };
		18CD00E618CCA020007BAC85 /* UserProfileViewController.h */ = {isa = PBXFileReference; fileEncoding = 4; lastKnownFileType = sourcecode.c.h; path = UserProfileViewController.h; sourceTree = "<group>"; };
		18CD00E718CCA020007BAC85 /* UserProfileViewController.m */ = {isa = PBXFileReference; fileEncoding = 4; lastKnownFileType = sourcecode.c.objc; path = UserProfileViewController.m; sourceTree = "<group>"; };
		18CD00E918CDBCA7007BAC85 /* profile-landscape-1.png */ = {isa = PBXFileReference; lastKnownFileType = image.png; path = "profile-landscape-1.png"; sourceTree = "<group>"; };
		18CD00EE18CDE557007BAC85 /* NewCoreCircleTVC.h */ = {isa = PBXFileReference; fileEncoding = 4; lastKnownFileType = sourcecode.c.h; path = NewCoreCircleTVC.h; sourceTree = "<group>"; };
		18CD00EF18CDE557007BAC85 /* NewCoreCircleTVC.m */ = {isa = PBXFileReference; fileEncoding = 4; lastKnownFileType = sourcecode.c.objc; path = NewCoreCircleTVC.m; sourceTree = "<group>"; };
		18DF849718C2718D003F431F /* settings-24.png */ = {isa = PBXFileReference; lastKnownFileType = image.png; path = "settings-24.png"; sourceTree = "<group>"; };
		18DF849918C275C7003F431F /* about-24.png */ = {isa = PBXFileReference; lastKnownFileType = image.png; path = "about-24.png"; sourceTree = "<group>"; };
		18DF849A18C275C7003F431F /* lighthouse-24.png */ = {isa = PBXFileReference; lastKnownFileType = image.png; path = "lighthouse-24.png"; sourceTree = "<group>"; };
		18DF849D18C279A5003F431F /* profile-24.png */ = {isa = PBXFileReference; lastKnownFileType = image.png; path = "profile-24.png"; sourceTree = "<group>"; };
		18DF849F18C27D58003F431F /* umbrella-24.png */ = {isa = PBXFileReference; lastKnownFileType = image.png; path = "umbrella-24.png"; sourceTree = "<group>"; };
		18DF84A018C27D58003F431F /* watching-24.png */ = {isa = PBXFileReference; lastKnownFileType = image.png; path = "watching-24.png"; sourceTree = "<group>"; };
		3E0EDD651976F7830024124B /* frienso-0.png */ = {isa = PBXFileReference; lastKnownFileType = image.png; path = "frienso-0.png"; sourceTree = "<group>"; };
		3E18547F192544B70059817D /* cell-phone-ic32.png */ = {isa = PBXFileReference; lastKnownFileType = image.png; path = "cell-phone-ic32.png"; sourceTree = "<group>"; };
		3E1FBD271958424A00AC7197 /* Parse.framework */ = {isa = PBXFileReference; lastKnownFileType = wrapper.framework; path = Parse.framework; sourceTree = "<group>"; };
		3E21A0521920EE050083F1AC /* FRStringImage.h */ = {isa = PBXFileReference; fileEncoding = 4; lastKnownFileType = sourcecode.c.h; path = FRStringImage.h; sourceTree = "<group>"; };
		3E21A0531920EE050083F1AC /* FRStringImage.m */ = {isa = PBXFileReference; fileEncoding = 4; lastKnownFileType = sourcecode.c.objc; path = FRStringImage.m; sourceTree = "<group>"; };
		3E277FCC19343A4A00283A33 /* GeoCDPointAnnotation.h */ = {isa = PBXFileReference; fileEncoding = 4; lastKnownFileType = sourcecode.c.h; path = GeoCDPointAnnotation.h; sourceTree = "<group>"; };
		3E277FCD19343A4A00283A33 /* GeoCDPointAnnotation.m */ = {isa = PBXFileReference; fileEncoding = 4; lastKnownFileType = sourcecode.c.objc; path = GeoCDPointAnnotation.m; sourceTree = "<group>"; };
		3E2F8C3518D4C74600FD2A99 /* FriensoQuickCircleVC.h */ = {isa = PBXFileReference; fileEncoding = 4; lastKnownFileType = sourcecode.c.h; path = FriensoQuickCircleVC.h; sourceTree = "<group>"; };
		3E2F8C3618D4C74600FD2A99 /* FriensoQuickCircleVC.m */ = {isa = PBXFileReference; fileEncoding = 4; lastKnownFileType = sourcecode.c.objc; path = FriensoQuickCircleVC.m; sourceTree = "<group>"; };
		3E2F8C3D18D83D8300FD2A99 /* AboutFriensoViewController.h */ = {isa = PBXFileReference; fileEncoding = 4; lastKnownFileType = sourcecode.c.h; path = AboutFriensoViewController.h; sourceTree = "<group>"; };
		3E2F8C3E18D83D8300FD2A99 /* AboutFriensoViewController.m */ = {isa = PBXFileReference; fileEncoding = 4; lastKnownFileType = sourcecode.c.objc; path = AboutFriensoViewController.m; sourceTree = "<group>"; };
		3E3BCA5E191E3402008D8ED0 /* ugc-ic-29x2.png */ = {isa = PBXFileReference; lastKnownFileType = image.png; path = "ugc-ic-29x2.png"; sourceTree = "<group>"; };
		3E3FC2E419618A2F008EDC00 /* frienso-2.png */ = {isa = PBXFileReference; lastKnownFileType = image.png; path = "frienso-2.png"; sourceTree = "<group>"; };
		3E3FC2E519618A2F008EDC00 /* frienso-3.png */ = {isa = PBXFileReference; lastKnownFileType = image.png; path = "frienso-3.png"; sourceTree = "<group>"; };
		3E3FC2E619618A2F008EDC00 /* frienso-1.png */ = {isa = PBXFileReference; lastKnownFileType = image.png; path = "frienso-1.png"; sourceTree = "<group>"; };
		3E3FC2EB19618A93008EDC00 /* WelcomeViewCtrl.h */ = {isa = PBXFileReference; fileEncoding = 4; lastKnownFileType = sourcecode.c.h; path = WelcomeViewCtrl.h; sourceTree = "<group>"; };
		3E3FC2EC19618A93008EDC00 /* WelcomeViewCtrl.m */ = {isa = PBXFileReference; fileEncoding = 4; lastKnownFileType = sourcecode.c.objc; path = WelcomeViewCtrl.m; sourceTree = "<group>"; };
		3E4120F618E3005E0058012B /* aBoAViewController.h */ = {isa = PBXFileReference; fileEncoding = 4; lastKnownFileType = sourcecode.c.h; path = aBoAViewController.h; sourceTree = "<group>"; };
		3E4120F718E3005E0058012B /* aBoAViewController.m */ = {isa = PBXFileReference; fileEncoding = 4; lastKnownFileType = sourcecode.c.objc; path = aBoAViewController.m; sourceTree = "<group>"; };
		3E4120F918E306630058012B /* frienso-info-0.png */ = {isa = PBXFileReference; lastKnownFileType = image.png; path = "frienso-info-0.png"; sourceTree = "<group>"; };
		3E4120FA18E306630058012B /* frienso-info-1.png */ = {isa = PBXFileReference; lastKnownFileType = image.png; path = "frienso-info-1.png"; sourceTree = "<group>"; };
		3E4120FB18E306630058012B /* frienso-info-2.png */ = {isa = PBXFileReference; lastKnownFileType = image.png; path = "frienso-info-2.png"; sourceTree = "<group>"; };
		3E4579E2197962E8008499B7 /* help-switch-bg.png */ = {isa = PBXFileReference; lastKnownFileType = image.png; path = "help-switch-bg.png"; sourceTree = "<group>"; };
		3E56D3D3194F96D90092CF63 /* CloudEntityContacts.h */ = {isa = PBXFileReference; fileEncoding = 4; lastKnownFileType = sourcecode.c.h; path = CloudEntityContacts.h; sourceTree = "<group>"; };
		3E56D3D4194F96D90092CF63 /* CloudEntityContacts.m */ = {isa = PBXFileReference; fileEncoding = 4; lastKnownFileType = sourcecode.c.objc; path = CloudEntityContacts.m; sourceTree = "<group>"; };
		3E5EA0B4190D0A4A004A710C /* cal-ic-40.png */ = {isa = PBXFileReference; lastKnownFileType = image.png; path = "cal-ic-40.png"; sourceTree = "<group>"; };
		3E5EA0B6190D0CDA004A710C /* cal-ic-24.png */ = {isa = PBXFileReference; lastKnownFileType = image.png; path = "cal-ic-24.png"; sourceTree = "<group>"; };
		3E68DF5B190666FF00DF3992 /* map-btn-1.png */ = {isa = PBXFileReference; lastKnownFileType = image.png; path = "map-btn-1.png"; sourceTree = "<group>"; };
		3E68DF601907C64400DF3992 /* FriensoResources.h */ = {isa = PBXFileReference; fileEncoding = 4; lastKnownFileType = sourcecode.c.h; name = FriensoResources.h; path = FriensoAlpha/FriensoResources.h; sourceTree = SOURCE_ROOT; };
		3E68DF611907C64400DF3992 /* FriensoResources.m */ = {isa = PBXFileReference; fileEncoding = 4; lastKnownFileType = sourcecode.c.objc; name = FriensoResources.m; path = FriensoAlpha/FriensoResources.m; sourceTree = SOURCE_ROOT; };
		3E9B0F45193E05900019ED6A /* UserResponseScrollView.h */ = {isa = PBXFileReference; fileEncoding = 4; lastKnownFileType = sourcecode.c.h; path = UserResponseScrollView.h; sourceTree = "<group>"; };
		3E9B0F46193E05900019ED6A /* UserResponseScrollView.m */ = {isa = PBXFileReference; fileEncoding = 4; lastKnownFileType = sourcecode.c.objc; path = UserResponseScrollView.m; sourceTree = "<group>"; };
		3E9F892118FE8D5E00DA190C /* map-btn-0.png */ = {isa = PBXFileReference; lastKnownFileType = image.png; path = "map-btn-0.png"; sourceTree = "<group>"; };
		3E9F892718FE99E700DA190C /* SearchViewController.h */ = {isa = PBXFileReference; fileEncoding = 4; lastKnownFileType = sourcecode.c.h; path = SearchViewController.h; sourceTree = "<group>"; };
		3E9F892818FE99E700DA190C /* SearchViewController.m */ = {isa = PBXFileReference; fileEncoding = 4; lastKnownFileType = sourcecode.c.objc; path = SearchViewController.m; sourceTree = "<group>"; };
		3E9F892918FE99E700DA190C /* GeoPointAnnotation.h */ = {isa = PBXFileReference; fileEncoding = 4; lastKnownFileType = sourcecode.c.h; path = GeoPointAnnotation.h; sourceTree = "<group>"; };
		3E9F892A18FE99E700DA190C /* GeoPointAnnotation.m */ = {isa = PBXFileReference; fileEncoding = 4; lastKnownFileType = sourcecode.c.objc; path = GeoPointAnnotation.m; sourceTree = "<group>"; };
		3E9F892B18FE99E700DA190C /* GeoQueryAnnotation.h */ = {isa = PBXFileReference; fileEncoding = 4; lastKnownFileType = sourcecode.c.h; path = GeoQueryAnnotation.h; sourceTree = "<group>"; };
		3E9F892C18FE99E700DA190C /* GeoQueryAnnotation.m */ = {isa = PBXFileReference; fileEncoding = 4; lastKnownFileType = sourcecode.c.objc; path = GeoQueryAnnotation.m; sourceTree = "<group>"; };
		3E9F892D18FE99E700DA190C /* CircleOverlay.h */ = {isa = PBXFileReference; fileEncoding = 4; lastKnownFileType = sourcecode.c.h; path = CircleOverlay.h; sourceTree = "<group>"; };
		3E9F892E18FE99E700DA190C /* CircleOverlay.m */ = {isa = PBXFileReference; fileEncoding = 4; lastKnownFileType = sourcecode.c.objc; path = CircleOverlay.m; sourceTree = "<group>"; };
		3E9F893418FEB62A00DA190C /* MapKit.framework */ = {isa = PBXFileReference; lastKnownFileType = wrapper.framework; name = MapKit.framework; path = System/Library/Frameworks/MapKit.framework; sourceTree = SDKROOT; };
		3E9F893C1903E17700DA190C /* frienso-ic-2x29.png */ = {isa = PBXFileReference; lastKnownFileType = image.png; path = "frienso-ic-2x29.png"; sourceTree = "<group>"; };
		3E9F893D1903E17700DA190C /* frienso-ic-2x40.png */ = {isa = PBXFileReference; lastKnownFileType = image.png; path = "frienso-ic-2x40.png"; sourceTree = "<group>"; };
		3E9F893E1903E17700DA190C /* frienso-ic-2x60.png */ = {isa = PBXFileReference; lastKnownFileType = image.png; path = "frienso-ic-2x60.png"; sourceTree = "<group>"; };
		3EA4E58A1991538300D5F12B /* AssetsLibrary.framework */ = {isa = PBXFileReference; lastKnownFileType = wrapper.framework; name = AssetsLibrary.framework; path = System/Library/Frameworks/AssetsLibrary.framework; sourceTree = SDKROOT; };
		3EAB9BBE199F665F009DE1D1 /* HomeViewController.h */ = {isa = PBXFileReference; fileEncoding = 4; lastKnownFileType = sourcecode.c.h; path = HomeViewController.h; sourceTree = "<group>"; };
		3EAB9BBF199F665F009DE1D1 /* HomeViewController.m */ = {isa = PBXFileReference; fileEncoding = 4; lastKnownFileType = sourcecode.c.objc; path = HomeViewController.m; sourceTree = "<group>"; };
		3EB5C445191A5EE5006557DE /* FRUserGenContentButton.h */ = {isa = PBXFileReference; fileEncoding = 4; lastKnownFileType = sourcecode.c.h; path = FRUserGenContentButton.h; sourceTree = "<group>"; };
		3EB5C446191A5EE5006557DE /* FRUserGenContentButton.m */ = {isa = PBXFileReference; fileEncoding = 4; lastKnownFileType = sourcecode.c.objc; path = FRUserGenContentButton.m; sourceTree = "<group>"; };
		3EBE31E2197EA4D100E78CF6 /* addeditfriends.png */ = {isa = PBXFileReference; lastKnownFileType = image.png; path = addeditfriends.png; sourceTree = "<group>"; };
		3ECD3996192416F000A61B83 /* FRSyncFriendConnections.h */ = {isa = PBXFileReference; fileEncoding = 4; lastKnownFileType = sourcecode.c.h; path = FRSyncFriendConnections.h; sourceTree = "<group>"; };
		3ECD3997192416F000A61B83 /* FRSyncFriendConnections.m */ = {isa = PBXFileReference; fileEncoding = 4; lastKnownFileType = sourcecode.c.objc; path = FRSyncFriendConnections.m; sourceTree = "<group>"; };
		3ED075F61959AB6C0074E8CB /* PendingRequestButton.h */ = {isa = PBXFileReference; fileEncoding = 4; lastKnownFileType = sourcecode.c.h; path = PendingRequestButton.h; sourceTree = "<group>"; };
		3ED075F71959AB6C0074E8CB /* PendingRequestButton.m */ = {isa = PBXFileReference; fileEncoding = 4; lastKnownFileType = sourcecode.c.objc; path = PendingRequestButton.m; sourceTree = "<group>"; };
		3ED77E6D193C86DD00E0BB87 /* CloudUsrEvnts.h */ = {isa = PBXFileReference; fileEncoding = 4; lastKnownFileType = sourcecode.c.h; path = CloudUsrEvnts.h; sourceTree = "<group>"; };
		3ED77E6E193C86DD00E0BB87 /* CloudUsrEvnts.m */ = {isa = PBXFileReference; fileEncoding = 4; lastKnownFileType = sourcecode.c.objc; path = CloudUsrEvnts.m; sourceTree = "<group>"; };
		3ED77E70193CC9AD00E0BB87 /* 01splashscreen.png */ = {isa = PBXFileReference; lastKnownFileType = image.png; name = 01splashscreen.png; path = ../../../DesignDocs/MuditAssets/01splashscreen.png; sourceTree = "<group>"; };
		3EE2B2AC1986E39F007BB216 /* avatar.png */ = {isa = PBXFileReference; lastKnownFileType = image.png; path = avatar.png; sourceTree = "<group>"; };
		3EE2B2B119872835007BB216 /* RootViewController.h */ = {isa = PBXFileReference; fileEncoding = 4; lastKnownFileType = sourcecode.c.h; path = RootViewController.h; sourceTree = "<group>"; };
		3EE2B2B219872835007BB216 /* RootViewController.m */ = {isa = PBXFileReference; fileEncoding = 4; lastKnownFileType = sourcecode.c.objc; path = RootViewController.m; sourceTree = "<group>"; };
		3EE2B30919879DB3007BB216 /* ProfileSneakPeekView.h */ = {isa = PBXFileReference; fileEncoding = 4; lastKnownFileType = sourcecode.c.h; path = ProfileSneakPeekView.h; sourceTree = "<group>"; };
		3EE2B30A19879DB3007BB216 /* ProfileSneakPeekView.m */ = {isa = PBXFileReference; fileEncoding = 4; lastKnownFileType = sourcecode.c.objc; path = ProfileSneakPeekView.m; sourceTree = "<group>"; };
		3EE2B30C19879E82007BB216 /* setting-ic-2x29.png */ = {isa = PBXFileReference; lastKnownFileType = image.png; path = "setting-ic-2x29.png"; sourceTree = "<group>"; };
		3EEA227F191F7DFC00DC8C54 /* MessageUI.framework */ = {isa = PBXFileReference; lastKnownFileType = wrapper.framework; name = MessageUI.framework; path = System/Library/Frameworks/MessageUI.framework; sourceTree = SDKROOT; };
		3EEEE40A19AEC0F700B0A546 /* OptionsContactsTVC.h */ = {isa = PBXFileReference; fileEncoding = 4; lastKnownFileType = sourcecode.c.h; path = OptionsContactsTVC.h; sourceTree = "<group>"; };
		3EEEE40B19AEC0F700B0A546 /* OptionsContactsTVC.m */ = {isa = PBXFileReference; fileEncoding = 4; lastKnownFileType = sourcecode.c.objc; path = OptionsContactsTVC.m; sourceTree = "<group>"; };
		3EF1D0D71907FA1200FC8544 /* FRCoreDataParse.h */ = {isa = PBXFileReference; fileEncoding = 4; lastKnownFileType = sourcecode.c.h; name = FRCoreDataParse.h; path = MappingFriends/FRCoreDataParse.h; sourceTree = "<group>"; };
		3EF1D0D81907FA1200FC8544 /* FRCoreDataParse.m */ = {isa = PBXFileReference; fileEncoding = 4; lastKnownFileType = sourcecode.c.objc; name = FRCoreDataParse.m; path = MappingFriends/FRCoreDataParse.m; sourceTree = "<group>"; };
		3EFEC30819152633002A709D /* FriensoEvent.h */ = {isa = PBXFileReference; fileEncoding = 4; lastKnownFileType = sourcecode.c.h; name = FriensoEvent.h; path = FriensoAlpha/FriensoEvent.h; sourceTree = SOURCE_ROOT; };
		3EFEC30919152633002A709D /* FriensoEvent.m */ = {isa = PBXFileReference; fileEncoding = 4; lastKnownFileType = sourcecode.c.objc; name = FriensoEvent.m; path = FriensoAlpha/FriensoEvent.m; sourceTree = SOURCE_ROOT; };
		3EFEC30B1917877E002A709D /* und_logo29.png */ = {isa = PBXFileReference; lastKnownFileType = image.png; path = und_logo29.png; sourceTree = "<group>"; };
		3EFEC30D19180275002A709D /* CoreFriends.h */ = {isa = PBXFileReference; fileEncoding = 4; lastKnownFileType = sourcecode.c.h; name = CoreFriends.h; path = FriensoAlpha/CoreFriends.h; sourceTree = SOURCE_ROOT; };
		3EFEC30E19180276002A709D /* CoreFriends.m */ = {isa = PBXFileReference; fileEncoding = 4; lastKnownFileType = sourcecode.c.objc; name = CoreFriends.m; path = FriensoAlpha/CoreFriends.m; sourceTree = SOURCE_ROOT; };
		88276BAF19FD21B40071024A /* plus-32.png */ = {isa = PBXFileReference; lastKnownFileType = image.png; path = "plus-32.png"; sourceTree = "<group>"; };
		88276BB119FD221E0071024A /* police_badge-32.png */ = {isa = PBXFileReference; lastKnownFileType = image.png; path = "police_badge-32.png"; sourceTree = "<group>"; };
		88276BB319FD24250071024A /* talk-32.png */ = {isa = PBXFileReference; lastKnownFileType = image.png; path = "talk-32.png"; sourceTree = "<group>"; };
		882E46E019BC770B00F8B0DE /* chaticon44px.png */ = {isa = PBXFileReference; lastKnownFileType = image.png; path = chaticon44px.png; sourceTree = "<group>"; };
		D2B4C532194F90D000094B98 /* Crashlytics.framework */ = {isa = PBXFileReference; lastKnownFileType = wrapper.framework; path = Crashlytics.framework; sourceTree = "<group>"; };
/* End PBXFileReference section */

/* Begin PBXFrameworksBuildPhase section */
		182792FE18BE06740056C849 /* Frameworks */ = {
			isa = PBXFrameworksBuildPhase;
			buildActionMask = 2147483647;
			files = (
				3EA4E58B1991538400D5F12B /* AssetsLibrary.framework in Frameworks */,
				3E1FBD281958424A00AC7197 /* Parse.framework in Frameworks */,
				D2B4C533194F90D000094B98 /* Crashlytics.framework in Frameworks */,
				3EEA2280191F7DFC00DC8C54 /* MessageUI.framework in Frameworks */,
				3E9F893518FEB62A00DA190C /* MapKit.framework in Frameworks */,
				180E880F18BE0C97009A570F /* CoreLocation.framework in Frameworks */,
				180E880D18BE0C8A009A570F /* MobileCoreServices.framework in Frameworks */,
				180E880318BE0B34009A570F /* AudioToolbox.framework in Frameworks */,
				180E880418BE0B34009A570F /* CFNetwork.framework in Frameworks */,
				180E880518BE0B34009A570F /* CoreData.framework in Frameworks */,
				180E880618BE0B34009A570F /* EventKit.framework in Frameworks */,
				180E880718BE0B34009A570F /* EventKitUI.framework in Frameworks */,
				180E880818BE0B34009A570F /* QuartzCore.framework in Frameworks */,
				180E880918BE0B34009A570F /* Security.framework in Frameworks */,
				180E880A18BE0B34009A570F /* SystemConfiguration.framework in Frameworks */,
				180E87F918BE0B05009A570F /* AddressBook.framework in Frameworks */,
				180E87FA18BE0B05009A570F /* AddressBookUI.framework in Frameworks */,
				1827930718BE06740056C849 /* CoreGraphics.framework in Frameworks */,
				1827930918BE06750056C849 /* UIKit.framework in Frameworks */,
				1827930518BE06740056C849 /* Foundation.framework in Frameworks */,
			);
			runOnlyForDeploymentPostprocessing = 0;
		};
		1827931F18BE06750056C849 /* Frameworks */ = {
			isa = PBXFrameworksBuildPhase;
			buildActionMask = 2147483647;
			files = (
				1827932418BE06750056C849 /* XCTest.framework in Frameworks */,
				1827932618BE06750056C849 /* UIKit.framework in Frameworks */,
				1827932518BE06750056C849 /* Foundation.framework in Frameworks */,
			);
			runOnlyForDeploymentPostprocessing = 0;
		};
/* End PBXFrameworksBuildPhase section */

/* Begin PBXGroup section */
		1808553618C4EEC30047A8BE /* OptionsClasses */ = {
			isa = PBXGroup;
			children = (
				1879B59918C786DB00AEA55F /* FriensoResourcesTVC.h */,
				1879B59A18C786DB00AEA55F /* FriensoResourcesTVC.m */,
				3E4120F618E3005E0058012B /* aBoAViewController.h */,
				3E4120F718E3005E0058012B /* aBoAViewController.m */,
				1879B59D18C888BB00AEA55F /* tstWatchingViewController.h */,
				1879B59E18C888BB00AEA55F /* tstWatchingViewController.m */,
				1879B58E18C6CD9400AEA55F /* SettingsViewController.h */,
				1879B58F18C6CD9400AEA55F /* SettingsViewController.m */,
				18CD00E618CCA020007BAC85 /* UserProfileViewController.h */,
				18CD00E718CCA020007BAC85 /* UserProfileViewController.m */,
				3E2F8C3D18D83D8300FD2A99 /* AboutFriensoViewController.h */,
				3E2F8C3E18D83D8300FD2A99 /* AboutFriensoViewController.m */,
			);
			path = OptionsClasses;
			sourceTree = "<group>";
		};
		182792F818BE06740056C849 = {
			isa = PBXGroup;
			children = (
				1808553418C3B9810047A8BE /* README.md */,
				1827930A18BE06750056C849 /* FriensoAlpha */,
				1827932918BE06750056C849 /* FriensoAlphaTests */,
				1827930318BE06740056C849 /* Frameworks */,
				1827930218BE06740056C849 /* Products */,
			);
			sourceTree = "<group>";
		};
		1827930218BE06740056C849 /* Products */ = {
			isa = PBXGroup;
			children = (
				1827930118BE06740056C849 /* FriensoAlpha.app */,
				1827932218BE06750056C849 /* FriensoAlphaTests.xctest */,
			);
			name = Products;
			sourceTree = "<group>";
		};
		1827930318BE06740056C849 /* Frameworks */ = {
			isa = PBXGroup;
			children = (
				3EA4E58A1991538300D5F12B /* AssetsLibrary.framework */,
				3E1FBD271958424A00AC7197 /* Parse.framework */,
				D2B4C532194F90D000094B98 /* Crashlytics.framework */,
				3EEA227F191F7DFC00DC8C54 /* MessageUI.framework */,
				3E9F893418FEB62A00DA190C /* MapKit.framework */,
				180E880E18BE0C97009A570F /* CoreLocation.framework */,
				180E880C18BE0C8A009A570F /* MobileCoreServices.framework */,
				180E87FB18BE0B34009A570F /* AudioToolbox.framework */,
				180E87FC18BE0B34009A570F /* CFNetwork.framework */,
				180E87FD18BE0B34009A570F /* CoreData.framework */,
				180E87FE18BE0B34009A570F /* EventKit.framework */,
				180E87FF18BE0B34009A570F /* EventKitUI.framework */,
				180E880018BE0B34009A570F /* QuartzCore.framework */,
				180E880118BE0B34009A570F /* Security.framework */,
				180E880218BE0B34009A570F /* SystemConfiguration.framework */,
				180E87F718BE0B05009A570F /* AddressBook.framework */,
				180E87F818BE0B05009A570F /* AddressBookUI.framework */,
				1827930418BE06740056C849 /* Foundation.framework */,
				1827930618BE06740056C849 /* CoreGraphics.framework */,
				1827930818BE06750056C849 /* UIKit.framework */,
				1827932318BE06750056C849 /* XCTest.framework */,
			);
			name = Frameworks;
			sourceTree = "<group>";
		};
		1827930A18BE06750056C849 /* FriensoAlpha */ = {
			isa = PBXGroup;
			children = (
				1827931618BE06750056C849 /* Main.storyboard */,
				1853403718C220680094AC5A /* FriensoAlphaCoreDataModel.xcdatamodeld */,
				3E277FC71930ABEC00283A33 /* FriensoCloudEvents */,
				1827934118BE08A00056C849 /* CoreData Files */,
				1827933918BE07A70056C849 /* Media */,
				1827931318BE06750056C849 /* FriensoAppDelegate.h */,
				1827931418BE06750056C849 /* FriensoAppDelegate.m */,
				3E3FC2EB19618A93008EDC00 /* WelcomeViewCtrl.h */,
				3E3FC2EC19618A93008EDC00 /* WelcomeViewCtrl.m */,
				182E86EC18C120CF009AD302 /* ABALoginTVC.h */,
				182E86ED18C120CF009AD302 /* ABALoginTVC.m */,
				18CD00EE18CDE557007BAC85 /* NewCoreCircleTVC.h */,
				18CD00EF18CDE557007BAC85 /* NewCoreCircleTVC.m */,
				3EAB9BBE199F665F009DE1D1 /* HomeViewController.h */,
				3EAB9BBF199F665F009DE1D1 /* HomeViewController.m */,
				3EEEE40A19AEC0F700B0A546 /* OptionsContactsTVC.h */,
				3EEEE40B19AEC0F700B0A546 /* OptionsContactsTVC.m */,
				3EE2B2B119872835007BB216 /* RootViewController.h */,
				3EE2B2B219872835007BB216 /* RootViewController.m */,
				1827933E18BE08090056C849 /* PanicViewCtrlr.h */,
				1827933F18BE08090056C849 /* PanicViewCtrlr.m */,
				1853403D18C2236E0094AC5A /* FriensoOptionsTVC.h */,
				1853403E18C2236E0094AC5A /* FriensoOptionsTVC.m */,
				3E2F8C3518D4C74600FD2A99 /* FriensoQuickCircleVC.h */,
				3E2F8C3618D4C74600FD2A99 /* FriensoQuickCircleVC.m */,
				1827931918BE06750056C849 /* FriensoViewController.h */,
				1827931A18BE06750056C849 /* FriensoViewController.m */,
				187B61691954214C00DEF677 /* CustomButtons */,
				3E9F893318FE99F800DA190C /* MappingFriends */,
				1808553618C4EEC30047A8BE /* OptionsClasses */,
				3E84F6F0190FAE210073D2FF /* FriensoHelperClasses */,
				1827931C18BE06750056C849 /* Images.xcassets */,
				1827930B18BE06750056C849 /* Supporting Files */,
			);
			path = FriensoAlpha;
			sourceTree = "<group>";
		};
		1827930B18BE06750056C849 /* Supporting Files */ = {
			isa = PBXGroup;
			children = (
				1827930C18BE06750056C849 /* FriensoAlpha-Info.plist */,
				1827930D18BE06750056C849 /* InfoPlist.strings */,
				1827931018BE06750056C849 /* main.m */,
				1827931218BE06750056C849 /* FriensoAlpha-Prefix.pch */,
			);
			name = "Supporting Files";
			sourceTree = "<group>";
		};
		1827932918BE06750056C849 /* FriensoAlphaTests */ = {
			isa = PBXGroup;
			children = (
				1827932F18BE06750056C849 /* FriensoAlphaTests.m */,
				1827932A18BE06750056C849 /* Supporting Files */,
			);
			path = FriensoAlphaTests;
			sourceTree = "<group>";
		};
		1827932A18BE06750056C849 /* Supporting Files */ = {
			isa = PBXGroup;
			children = (
				1827932B18BE06750056C849 /* FriensoAlphaTests-Info.plist */,
				1827932C18BE06750056C849 /* InfoPlist.strings */,
			);
			name = "Supporting Files";
			sourceTree = "<group>";
		};
		1827933918BE07A70056C849 /* Media */ = {
			isa = PBXGroup;
			children = (
				88276BB319FD24250071024A /* talk-32.png */,
				88276BB119FD221E0071024A /* police_badge-32.png */,
				88276BAF19FD21B40071024A /* plus-32.png */,
				882E46E019BC770B00F8B0DE /* chaticon44px.png */,
				3EE2B30C19879E82007BB216 /* setting-ic-2x29.png */,
				3EE2B2AC1986E39F007BB216 /* avatar.png */,
				3EBE31E2197EA4D100E78CF6 /* addeditfriends.png */,
				3E4579E2197962E8008499B7 /* help-switch-bg.png */,
				3E0EDD651976F7830024124B /* frienso-0.png */,
				3E3FC2E419618A2F008EDC00 /* frienso-2.png */,
				3E3FC2E519618A2F008EDC00 /* frienso-3.png */,
				3E3FC2E619618A2F008EDC00 /* frienso-1.png */,
				3ED77E70193CC9AD00E0BB87 /* 01splashscreen.png */,
				3E18547F192544B70059817D /* cell-phone-ic32.png */,
				3E3BCA5E191E3402008D8ED0 /* ugc-ic-29x2.png */,
				3EFEC30B1917877E002A709D /* und_logo29.png */,
				3E5EA0B6190D0CDA004A710C /* cal-ic-24.png */,
				3E5EA0B4190D0A4A004A710C /* cal-ic-40.png */,
				3E9F893C1903E17700DA190C /* frienso-ic-2x29.png */,
				3E9F893D1903E17700DA190C /* frienso-ic-2x40.png */,
				3E9F893E1903E17700DA190C /* frienso-ic-2x60.png */,
				3E9F892118FE8D5E00DA190C /* map-btn-0.png */,
				3E68DF5B190666FF00DF3992 /* map-btn-1.png */,
				3E4120F918E306630058012B /* frienso-info-0.png */,
				3E4120FA18E306630058012B /* frienso-info-1.png */,
				3E4120FB18E306630058012B /* frienso-info-2.png */,
				18CD00E918CDBCA7007BAC85 /* profile-landscape-1.png */,
				18CD00E418CBB98D007BAC85 /* profile-landscape.png */,
				1879B59118C7277100AEA55F /* Profile-256.png */,
				1879B59218C7277100AEA55F /* profile.png */,
				18DF849F18C27D58003F431F /* umbrella-24.png */,
				18DF84A018C27D58003F431F /* watching-24.png */,
				18DF849D18C279A5003F431F /* profile-24.png */,
				18DF849918C275C7003F431F /* about-24.png */,
				18DF849A18C275C7003F431F /* lighthouse-24.png */,
				18DF849718C2718D003F431F /* settings-24.png */,
				180E882418BF2AB4009A570F /* first-view-cover-2.png */,
				180E882518BF2AB5009A570F /* first-view-cover-3.png */,
				180E881F18BF1806009A570F /* first-view-cover.png */,
				1827933A18BE07BD0056C849 /* alert-ring-bg.png */,
				1827933B18BE07BD0056C849 /* frienso-alert.png */,
			);
			path = Media;
			sourceTree = "<group>";
		};
		1827934118BE08A00056C849 /* CoreData Files */ = {
			isa = PBXGroup;
			children = (
				3E68DF601907C64400DF3992 /* FriensoResources.h */,
				3E68DF611907C64400DF3992 /* FriensoResources.m */,
				3EFEC30819152633002A709D /* FriensoEvent.h */,
				3EFEC30919152633002A709D /* FriensoEvent.m */,
				3EFEC30D19180275002A709D /* CoreFriends.h */,
				3EFEC30E19180276002A709D /* CoreFriends.m */,
			);
			path = "CoreData Files";
			sourceTree = "<group>";
		};
		187B61691954214C00DEF677 /* CustomButtons */ = {
			isa = PBXGroup;
			children = (
				180E881018BE1779009A570F /* FriensoCircleButton.h */,
				180E881118BE1779009A570F /* FriensoCircleButton.m */,
				180E881218BE1779009A570F /* FriensoOptionsButton.h */,
				180E881318BE1779009A570F /* FriensoOptionsButton.m */,
				3EB5C445191A5EE5006557DE /* FRUserGenContentButton.h */,
				3EB5C446191A5EE5006557DE /* FRUserGenContentButton.m */,
				187B616A195421D500DEF677 /* TrackingFriendButton.h */,
				187B616B195421D500DEF677 /* TrackingFriendButton.m */,
				3ED075F61959AB6C0074E8CB /* PendingRequestButton.h */,
				3ED075F71959AB6C0074E8CB /* PendingRequestButton.m */,
			);
			name = CustomButtons;
			sourceTree = "<group>";
		};
		3E277FC71930ABEC00283A33 /* FriensoCloudEvents */ = {
			isa = PBXGroup;
			children = (
				3ED77E6D193C86DD00E0BB87 /* CloudUsrEvnts.h */,
				3ED77E6E193C86DD00E0BB87 /* CloudUsrEvnts.m */,
				3E56D3D3194F96D90092CF63 /* CloudEntityContacts.h */,
				3E56D3D4194F96D90092CF63 /* CloudEntityContacts.m */,
			);
			name = FriensoCloudEvents;
			sourceTree = "<group>";
		};
		3E84F6F0190FAE210073D2FF /* FriensoHelperClasses */ = {
			isa = PBXGroup;
			children = (
				3EE2B30919879DB3007BB216 /* ProfileSneakPeekView.h */,
				3EE2B30A19879DB3007BB216 /* ProfileSneakPeekView.m */,
				3ECD3996192416F000A61B83 /* FRSyncFriendConnections.h */,
				3ECD3997192416F000A61B83 /* FRSyncFriendConnections.m */,
				3E21A0521920EE050083F1AC /* FRStringImage.h */,
				3E21A0531920EE050083F1AC /* FRStringImage.m */,
				3E9B0F45193E05900019ED6A /* UserResponseScrollView.h */,
				3E9B0F46193E05900019ED6A /* UserResponseScrollView.m */,
			);
			name = FriensoHelperClasses;
			sourceTree = "<group>";
		};
		3E9F893318FE99F800DA190C /* MappingFriends */ = {
			isa = PBXGroup;
			children = (
				3E9F892718FE99E700DA190C /* SearchViewController.h */,
				3E9F892818FE99E700DA190C /* SearchViewController.m */,
				3E277FCC19343A4A00283A33 /* GeoCDPointAnnotation.h */,
				3E277FCD19343A4A00283A33 /* GeoCDPointAnnotation.m */,
				3E9F892918FE99E700DA190C /* GeoPointAnnotation.h */,
				3E9F892A18FE99E700DA190C /* GeoPointAnnotation.m */,
				3E9F892B18FE99E700DA190C /* GeoQueryAnnotation.h */,
				3E9F892C18FE99E700DA190C /* GeoQueryAnnotation.m */,
				3E9F892D18FE99E700DA190C /* CircleOverlay.h */,
				3E9F892E18FE99E700DA190C /* CircleOverlay.m */,
				3EF1D0D71907FA1200FC8544 /* FRCoreDataParse.h */,
				3EF1D0D81907FA1200FC8544 /* FRCoreDataParse.m */,
			);
			name = MappingFriends;
			sourceTree = "<group>";
		};
/* End PBXGroup section */

/* Begin PBXNativeTarget section */
		1827930018BE06740056C849 /* FriensoAlpha */ = {
			isa = PBXNativeTarget;
			buildConfigurationList = 1827933318BE06750056C849 /* Build configuration list for PBXNativeTarget "FriensoAlpha" */;
			buildPhases = (
				182792FD18BE06740056C849 /* Sources */,
				182792FE18BE06740056C849 /* Frameworks */,
				182792FF18BE06740056C849 /* Resources */,
				3E6BC63F192019BA00A9E43D /* ShellScript */,
			);
			buildRules = (
			);
			dependencies = (
			);
			name = FriensoAlpha;
			productName = FriensoAlpha;
			productReference = 1827930118BE06740056C849 /* FriensoAlpha.app */;
			productType = "com.apple.product-type.application";
		};
		1827932118BE06750056C849 /* FriensoAlphaTests */ = {
			isa = PBXNativeTarget;
			buildConfigurationList = 1827933618BE06750056C849 /* Build configuration list for PBXNativeTarget "FriensoAlphaTests" */;
			buildPhases = (
				1827931E18BE06750056C849 /* Sources */,
				1827931F18BE06750056C849 /* Frameworks */,
				1827932018BE06750056C849 /* Resources */,
			);
			buildRules = (
			);
			dependencies = (
				1827932818BE06750056C849 /* PBXTargetDependency */,
			);
			name = FriensoAlphaTests;
			productName = FriensoAlphaTests;
			productReference = 1827932218BE06750056C849 /* FriensoAlphaTests.xctest */;
			productType = "com.apple.product-type.bundle.unit-test";
		};
/* End PBXNativeTarget section */

/* Begin PBXProject section */
		182792F918BE06740056C849 /* Project object */ = {
			isa = PBXProject;
			attributes = {
				CLASSPREFIX = Frienso;
				LastUpgradeCheck = 0510;
				ORGANIZATIONNAME = ABitOfAlchemy;
				TargetAttributes = {
					1827930018BE06740056C849 = {
						DevelopmentTeam = WDLW7K2HT3;
						SystemCapabilities = {
							com.apple.iOS = {
								enabled = 0;
							};
						};
					};
					1827932118BE06750056C849 = {
						TestTargetID = 1827930018BE06740056C849;
					};
				};
			};
			buildConfigurationList = 182792FC18BE06740056C849 /* Build configuration list for PBXProject "FriensoAlpha" */;
			compatibilityVersion = "Xcode 3.2";
			developmentRegion = English;
			hasScannedForEncodings = 0;
			knownRegions = (
				en,
				Base,
			);
			mainGroup = 182792F818BE06740056C849;
			productRefGroup = 1827930218BE06740056C849 /* Products */;
			projectDirPath = "";
			projectRoot = "";
			targets = (
				1827930018BE06740056C849 /* FriensoAlpha */,
				1827932118BE06750056C849 /* FriensoAlphaTests */,
			);
		};
/* End PBXProject section */

/* Begin PBXResourcesBuildPhase section */
		182792FF18BE06740056C849 /* Resources */ = {
			isa = PBXResourcesBuildPhase;
			buildActionMask = 2147483647;
			files = (
				882E46E119BC770B00F8B0DE /* chaticon44px.png in Resources */,
				18CD00EA18CDBCA7007BAC85 /* profile-landscape-1.png in Resources */,
				18DF84A118C27D58003F431F /* umbrella-24.png in Resources */,
				3E68DF5C190666FF00DF3992 /* map-btn-1.png in Resources */,
				1827931D18BE06750056C849 /* Images.xcassets in Resources */,
				18DF849E18C279A5003F431F /* profile-24.png in Resources */,
				18CD00E518CBB98D007BAC85 /* profile-landscape.png in Resources */,
				180E882018BF1806009A570F /* first-view-cover.png in Resources */,
				1827930F18BE06750056C849 /* InfoPlist.strings in Resources */,
				18DF849B18C275C7003F431F /* about-24.png in Resources */,
				3EFEC30C1917877E002A709D /* und_logo29.png in Resources */,
				1827931818BE06750056C849 /* Main.storyboard in Resources */,
				3E185480192544B80059817D /* cell-phone-ic32.png in Resources */,
				3E3FC2E819618A2F008EDC00 /* frienso-2.png in Resources */,
				3E5EA0B5190D0A4A004A710C /* cal-ic-40.png in Resources */,
				3EBE31E3197EA4D200E78CF6 /* addeditfriends.png in Resources */,
				1827933C18BE07BD0056C849 /* alert-ring-bg.png in Resources */,
				88276BB419FD24250071024A /* talk-32.png in Resources */,
				3E4120FD18E306630058012B /* frienso-info-1.png in Resources */,
				180E882718BF2AB5009A570F /* first-view-cover-3.png in Resources */,
				1827933D18BE07BD0056C849 /* frienso-alert.png in Resources */,
				3E3FC2E919618A2F008EDC00 /* frienso-3.png in Resources */,
				1879B59418C7277100AEA55F /* profile.png in Resources */,
				3EE2B30D19879E82007BB216 /* setting-ic-2x29.png in Resources */,
				180E882618BF2AB5009A570F /* first-view-cover-2.png in Resources */,
				18DF849C18C275C7003F431F /* lighthouse-24.png in Resources */,
				3E3FC2EA19618A2F008EDC00 /* frienso-1.png in Resources */,
				3E4579E3197962E8008499B7 /* help-switch-bg.png in Resources */,
				1808553518C3B9810047A8BE /* README.md in Resources */,
				1879B59318C7277100AEA55F /* Profile-256.png in Resources */,
				3E0EDD661976F7830024124B /* frienso-0.png in Resources */,
				3E5EA0B7190D0CDA004A710C /* cal-ic-24.png in Resources */,
				3E9F89401903E17700DA190C /* frienso-ic-2x40.png in Resources */,
				3E9F892318FE8D5E00DA190C /* map-btn-0.png in Resources */,
				3E9F89411903E17700DA190C /* frienso-ic-2x60.png in Resources */,
				3E4120FC18E306630058012B /* frienso-info-0.png in Resources */,
				88276BB019FD21B40071024A /* plus-32.png in Resources */,
				3E9F893F1903E17700DA190C /* frienso-ic-2x29.png in Resources */,
				3E3BCA5F191E3402008D8ED0 /* ugc-ic-29x2.png in Resources */,
				18DF84A218C27D58003F431F /* watching-24.png in Resources */,
				3EE2B2AD1986E39F007BB216 /* avatar.png in Resources */,
				3ED77E71193CC9AD00E0BB87 /* 01splashscreen.png in Resources */,
				18DF849818C2718D003F431F /* settings-24.png in Resources */,
				88276BB219FD221E0071024A /* police_badge-32.png in Resources */,
				3E4120FE18E306630058012B /* frienso-info-2.png in Resources */,
			);
			runOnlyForDeploymentPostprocessing = 0;
		};
		1827932018BE06750056C849 /* Resources */ = {
			isa = PBXResourcesBuildPhase;
			buildActionMask = 2147483647;
			files = (
				1827932E18BE06750056C849 /* InfoPlist.strings in Resources */,
			);
			runOnlyForDeploymentPostprocessing = 0;
		};
/* End PBXResourcesBuildPhase section */

/* Begin PBXShellScriptBuildPhase section */
		3E6BC63F192019BA00A9E43D /* ShellScript */ = {
			isa = PBXShellScriptBuildPhase;
			buildActionMask = 2147483647;
			files = (
			);
			inputPaths = (
			);
			outputPaths = (
				"$(DERIVED_FILE_DIR)/myfile",
			);
			runOnlyForDeploymentPostprocessing = 0;
			shellPath = /bin/sh;
			shellScript = "#Update build number with number of git commits if in release mode\nif [ ${CONFIGURATION} == \"Release\" ]; then\nbuildNumber=$(git rev-list HEAD | wc -l | tr -d ' ')\n/usr/libexec/PlistBuddy -c \"Set :CFBundleVersion $buildNumber\" \"${PROJECT_DIR}/${INFOPLIST_FILE}\"\nfi;";
		};
/* End PBXShellScriptBuildPhase section */

/* Begin PBXSourcesBuildPhase section */
		182792FD18BE06740056C849 /* Sources */ = {
			isa = PBXSourcesBuildPhase;
			buildActionMask = 2147483647;
			files = (
				3E2F8C3718D4C74600FD2A99 /* FriensoQuickCircleVC.m in Sources */,
				1853403918C220680094AC5A /* FriensoAlphaCoreDataModel.xcdatamodeld in Sources */,
				3ED075F81959AB6C0074E8CB /* PendingRequestButton.m in Sources */,
				3EFEC30A19152633002A709D /* FriensoEvent.m in Sources */,
				1879B59B18C786DB00AEA55F /* FriensoResourcesTVC.m in Sources */,
				180E881518BE1779009A570F /* FriensoOptionsButton.m in Sources */,
				3E277FCE19343A4A00283A33 /* GeoCDPointAnnotation.m in Sources */,
				3E68DF621907C64400DF3992 /* FriensoResources.m in Sources */,
				3E9F893018FE99E700DA190C /* GeoPointAnnotation.m in Sources */,
				18CD00E818CCA020007BAC85 /* UserProfileViewController.m in Sources */,
				18CD00F018CDE557007BAC85 /* NewCoreCircleTVC.m in Sources */,
				1827934018BE08090056C849 /* PanicViewCtrlr.m in Sources */,
				3EE2B30B19879DB3007BB216 /* ProfileSneakPeekView.m in Sources */,
				1879B59F18C888BB00AEA55F /* tstWatchingViewController.m in Sources */,
				3E9F892F18FE99E700DA190C /* SearchViewController.m in Sources */,
				3E2F8C3F18D83D8300FD2A99 /* AboutFriensoViewController.m in Sources */,
				1827931118BE06750056C849 /* main.m in Sources */,
				3EAB9BC0199F665F009DE1D1 /* HomeViewController.m in Sources */,
				3EEEE40C19AEC0F700B0A546 /* OptionsContactsTVC.m in Sources */,
				3ED77E6F193C86DD00E0BB87 /* CloudUsrEvnts.m in Sources */,
				1879B59018C6CD9400AEA55F /* SettingsViewController.m in Sources */,
				3EF1D0D91907FA1200FC8544 /* FRCoreDataParse.m in Sources */,
				3E9F893118FE99E700DA190C /* GeoQueryAnnotation.m in Sources */,
				3EE2B2B319872835007BB216 /* RootViewController.m in Sources */,
				3EFEC30F19180276002A709D /* CoreFriends.m in Sources */,
				3E9F893218FE99E700DA190C /* CircleOverlay.m in Sources */,
				180E881418BE1779009A570F /* FriensoCircleButton.m in Sources */,
				1827931B18BE06750056C849 /* FriensoViewController.m in Sources */,
				187B616C195421D500DEF677 /* TrackingFriendButton.m in Sources */,
				3E4120F818E3005E0058012B /* aBoAViewController.m in Sources */,
				3E9B0F47193E05900019ED6A /* UserResponseScrollView.m in Sources */,
				3EB5C447191A5EE5006557DE /* FRUserGenContentButton.m in Sources */,
				182E86F018C120CF009AD302 /* ABALoginTVC.m in Sources */,
				3E21A0541920EE050083F1AC /* FRStringImage.m in Sources */,
				3E56D3D5194F96D90092CF63 /* CloudEntityContacts.m in Sources */,
				3E3FC2ED19618A93008EDC00 /* WelcomeViewCtrl.m in Sources */,
				1827931518BE06750056C849 /* FriensoAppDelegate.m in Sources */,
				3ECD3998192416F000A61B83 /* FRSyncFriendConnections.m in Sources */,
				1853403F18C2236E0094AC5A /* FriensoOptionsTVC.m in Sources */,
			);
			runOnlyForDeploymentPostprocessing = 0;
		};
		1827931E18BE06750056C849 /* Sources */ = {
			isa = PBXSourcesBuildPhase;
			buildActionMask = 2147483647;
			files = (
				1827933018BE06750056C849 /* FriensoAlphaTests.m in Sources */,
			);
			runOnlyForDeploymentPostprocessing = 0;
		};
/* End PBXSourcesBuildPhase section */

/* Begin PBXTargetDependency section */
		1827932818BE06750056C849 /* PBXTargetDependency */ = {
			isa = PBXTargetDependency;
			target = 1827930018BE06740056C849 /* FriensoAlpha */;
			targetProxy = 1827932718BE06750056C849 /* PBXContainerItemProxy */;
		};
/* End PBXTargetDependency section */

/* Begin PBXVariantGroup section */
		1827930D18BE06750056C849 /* InfoPlist.strings */ = {
			isa = PBXVariantGroup;
			children = (
				1827930E18BE06750056C849 /* en */,
			);
			name = InfoPlist.strings;
			sourceTree = "<group>";
		};
		1827931618BE06750056C849 /* Main.storyboard */ = {
			isa = PBXVariantGroup;
			children = (
				1827931718BE06750056C849 /* Base */,
			);
			name = Main.storyboard;
			sourceTree = "<group>";
		};
		1827932C18BE06750056C849 /* InfoPlist.strings */ = {
			isa = PBXVariantGroup;
			children = (
				1827932D18BE06750056C849 /* en */,
			);
			name = InfoPlist.strings;
			sourceTree = "<group>";
		};
/* End PBXVariantGroup section */

/* Begin XCBuildConfiguration section */
		1827933118BE06750056C849 /* Debug */ = {
			isa = XCBuildConfiguration;
			buildSettings = {
				ALWAYS_SEARCH_USER_PATHS = NO;
				CLANG_CXX_LANGUAGE_STANDARD = "gnu++0x";
				CLANG_CXX_LIBRARY = "libc++";
				CLANG_ENABLE_MODULES = YES;
				CLANG_ENABLE_OBJC_ARC = YES;
				CLANG_WARN_BOOL_CONVERSION = YES;
				CLANG_WARN_CONSTANT_CONVERSION = YES;
				CLANG_WARN_DIRECT_OBJC_ISA_USAGE = YES_ERROR;
				CLANG_WARN_EMPTY_BODY = YES;
				CLANG_WARN_ENUM_CONVERSION = YES;
				CLANG_WARN_INT_CONVERSION = YES;
				CLANG_WARN_OBJC_ROOT_CLASS = YES_ERROR;
				CLANG_WARN__DUPLICATE_METHOD_MATCH = YES;
				"CODE_SIGN_IDENTITY[sdk=iphoneos*]" = "iPhone Developer";
				COPY_PHASE_STRIP = NO;
				GCC_C_LANGUAGE_STANDARD = gnu99;
				GCC_DYNAMIC_NO_PIC = NO;
				GCC_OPTIMIZATION_LEVEL = 0;
				GCC_PREPROCESSOR_DEFINITIONS = (
					"DEBUG=1",
					"$(inherited)",
				);
				GCC_SYMBOLS_PRIVATE_EXTERN = NO;
				GCC_WARN_64_TO_32_BIT_CONVERSION = YES;
				GCC_WARN_ABOUT_RETURN_TYPE = YES_ERROR;
				GCC_WARN_UNDECLARED_SELECTOR = YES;
				GCC_WARN_UNINITIALIZED_AUTOS = YES;
				GCC_WARN_UNUSED_FUNCTION = YES;
				GCC_WARN_UNUSED_VARIABLE = YES;
				IPHONEOS_DEPLOYMENT_TARGET = 7.1;
				ONLY_ACTIVE_ARCH = YES;
				PROVISIONING_PROFILE = "71BFB0A6-BFE2-400F-B2A9-F3BDC7625905";
				SDKROOT = iphoneos;
			};
			name = Debug;
		};
		1827933218BE06750056C849 /* Release */ = {
			isa = XCBuildConfiguration;
			buildSettings = {
				ALWAYS_SEARCH_USER_PATHS = NO;
				CLANG_CXX_LANGUAGE_STANDARD = "gnu++0x";
				CLANG_CXX_LIBRARY = "libc++";
				CLANG_ENABLE_MODULES = YES;
				CLANG_ENABLE_OBJC_ARC = YES;
				CLANG_WARN_BOOL_CONVERSION = YES;
				CLANG_WARN_CONSTANT_CONVERSION = YES;
				CLANG_WARN_DIRECT_OBJC_ISA_USAGE = YES_ERROR;
				CLANG_WARN_EMPTY_BODY = YES;
				CLANG_WARN_ENUM_CONVERSION = YES;
				CLANG_WARN_INT_CONVERSION = YES;
				CLANG_WARN_OBJC_ROOT_CLASS = YES_ERROR;
				CLANG_WARN__DUPLICATE_METHOD_MATCH = YES;
				"CODE_SIGN_IDENTITY[sdk=iphoneos*]" = "iPhone Distribution: Salvador Aguinaga (WDLW7K2HT3)";
				COPY_PHASE_STRIP = YES;
				ENABLE_NS_ASSERTIONS = NO;
				GCC_C_LANGUAGE_STANDARD = gnu99;
				GCC_WARN_64_TO_32_BIT_CONVERSION = YES;
				GCC_WARN_ABOUT_RETURN_TYPE = YES_ERROR;
				GCC_WARN_UNDECLARED_SELECTOR = YES;
				GCC_WARN_UNINITIALIZED_AUTOS = YES;
				GCC_WARN_UNUSED_FUNCTION = YES;
				GCC_WARN_UNUSED_VARIABLE = YES;
				IPHONEOS_DEPLOYMENT_TARGET = 7.1;
				PROVISIONING_PROFILE = "71BFB0A6-BFE2-400F-B2A9-F3BDC7625905";
				SDKROOT = iphoneos;
				VALIDATE_PRODUCT = YES;
			};
			name = Release;
		};
		1827933418BE06750056C849 /* Debug */ = {
			isa = XCBuildConfiguration;
			buildSettings = {
				ASSETCATALOG_COMPILER_APPICON_NAME = AppIcon;
				ASSETCATALOG_COMPILER_LAUNCHIMAGE_NAME = LaunchImage;
				CODE_SIGN_IDENTITY = "iPhone Developer";
				"CODE_SIGN_IDENTITY[sdk=iphoneos*]" = "iPhone Developer";
				FRAMEWORK_SEARCH_PATHS = (
					"$(inherited)",
					"$(PROJECT_DIR)",
				);
				GCC_PRECOMPILE_PREFIX_HEADER = YES;
				GCC_PREFIX_HEADER = "FriensoAlpha/FriensoAlpha-Prefix.pch";
				INFOPLIST_FILE = "FriensoAlpha/FriensoAlpha-Info.plist";
				IPHONEOS_DEPLOYMENT_TARGET = 8.1;
				PRODUCT_NAME = "$(TARGET_NAME)";
				PROVISIONING_PROFILE = "";
				TARGETED_DEVICE_FAMILY = 1;
				WRAPPER_EXTENSION = app;
			};
			name = Debug;
		};
		1827933518BE06750056C849 /* Release */ = {
			isa = XCBuildConfiguration;
			buildSettings = {
				ASSETCATALOG_COMPILER_APPICON_NAME = AppIcon;
				ASSETCATALOG_COMPILER_LAUNCHIMAGE_NAME = LaunchImage;
				"CODE_SIGN_ENTITLEMENTS[sdk=*]" = "";
				CODE_SIGN_IDENTITY = "iPhone Developer";
				"CODE_SIGN_IDENTITY[sdk=iphoneos*]" = "iPhone Distribution";
				FRAMEWORK_SEARCH_PATHS = (
					"$(inherited)",
					"$(PROJECT_DIR)",
				);
				GCC_PRECOMPILE_PREFIX_HEADER = YES;
				GCC_PREFIX_HEADER = "FriensoAlpha/FriensoAlpha-Prefix.pch";
				INFOPLIST_FILE = "FriensoAlpha/FriensoAlpha-Info.plist";
				IPHONEOS_DEPLOYMENT_TARGET = 8.1;
				PRODUCT_NAME = "$(TARGET_NAME)";
				PROVISIONING_PROFILE = "";
				TARGETED_DEVICE_FAMILY = 1;
				WRAPPER_EXTENSION = app;
			};
			name = Release;
		};
		1827933718BE06750056C849 /* Debug */ = {
			isa = XCBuildConfiguration;
			buildSettings = {
				BUNDLE_LOADER = "$(BUILT_PRODUCTS_DIR)/FriensoAlpha.app/FriensoAlpha";
				FRAMEWORK_SEARCH_PATHS = (
					"$(SDKROOT)/Developer/Library/Frameworks",
					"$(inherited)",
					"$(DEVELOPER_FRAMEWORKS_DIR)",
				);
				GCC_PRECOMPILE_PREFIX_HEADER = YES;
				GCC_PREFIX_HEADER = "FriensoAlpha/FriensoAlpha-Prefix.pch";
				GCC_PREPROCESSOR_DEFINITIONS = (
					"DEBUG=1",
					"$(inherited)",
				);
				INFOPLIST_FILE = "FriensoAlphaTests/FriensoAlphaTests-Info.plist";
				PRODUCT_NAME = "$(TARGET_NAME)";
				TEST_HOST = "$(BUNDLE_LOADER)";
				WRAPPER_EXTENSION = xctest;
			};
			name = Debug;
		};
		1827933818BE06750056C849 /* Release */ = {
			isa = XCBuildConfiguration;
			buildSettings = {
				BUNDLE_LOADER = "$(BUILT_PRODUCTS_DIR)/FriensoAlpha.app/FriensoAlpha";
				FRAMEWORK_SEARCH_PATHS = (
					"$(SDKROOT)/Developer/Library/Frameworks",
					"$(inherited)",
					"$(DEVELOPER_FRAMEWORKS_DIR)",
				);
				GCC_PRECOMPILE_PREFIX_HEADER = YES;
				GCC_PREFIX_HEADER = "FriensoAlpha/FriensoAlpha-Prefix.pch";
				INFOPLIST_FILE = "FriensoAlphaTests/FriensoAlphaTests-Info.plist";
				PRODUCT_NAME = "$(TARGET_NAME)";
				TEST_HOST = "$(BUNDLE_LOADER)";
				WRAPPER_EXTENSION = xctest;
			};
			name = Release;
		};
/* End XCBuildConfiguration section */

/* Begin XCConfigurationList section */
		182792FC18BE06740056C849 /* Build configuration list for PBXProject "FriensoAlpha" */ = {
			isa = XCConfigurationList;
			buildConfigurations = (
				1827933118BE06750056C849 /* Debug */,
				1827933218BE06750056C849 /* Release */,
			);
			defaultConfigurationIsVisible = 0;
			defaultConfigurationName = Release;
		};
		1827933318BE06750056C849 /* Build configuration list for PBXNativeTarget "FriensoAlpha" */ = {
			isa = XCConfigurationList;
			buildConfigurations = (
				1827933418BE06750056C849 /* Debug */,
				1827933518BE06750056C849 /* Release */,
			);
			defaultConfigurationIsVisible = 0;
			defaultConfigurationName = Release;
		};
		1827933618BE06750056C849 /* Build configuration list for PBXNativeTarget "FriensoAlphaTests" */ = {
			isa = XCConfigurationList;
			buildConfigurations = (
				1827933718BE06750056C849 /* Debug */,
				1827933818BE06750056C849 /* Release */,
			);
			defaultConfigurationIsVisible = 0;
			defaultConfigurationName = Release;
		};
/* End XCConfigurationList section */

/* Begin XCVersionGroup section */
		1853403718C220680094AC5A /* FriensoAlphaCoreDataModel.xcdatamodeld */ = {
			isa = XCVersionGroup;
			children = (
				1853403818C220680094AC5A /* FriensoAlphaCoreDataModel.xcdatamodel */,
			);
			currentVersion = 1853403818C220680094AC5A /* FriensoAlphaCoreDataModel.xcdatamodel */;
			path = FriensoAlphaCoreDataModel.xcdatamodeld;
			sourceTree = "<group>";
			versionGroupType = wrapper.xcdatamodel;
		};
/* End XCVersionGroup section */
	};
	rootObject = 182792F918BE06740056C849 /* Project object */;
}
